
Microsoft Visual Studio Solution File, Format Version 11.00
# Visual C++ Express 2010
Project("{8BC9CEB8-8B4A-11D0-8D11-00A0C91BC942}") = "OpenCVTest03", "OpenCVTest03\OpenCVTest03.vcxproj", "{E260933B-02D3-47CA-8FDC-0D56072C74E9}"
EndProject
Global
	GlobalSection(SolutionConfigurationPlatforms) = preSolution
		Debug|Win32 = Debug|Win32
		Release|Win32 = Release|Win32
	EndGlobalSection
	GlobalSection(ProjectConfigurationPlatforms) = postSolution
		{E260933B-02D3-47CA-8FDC-0D56072C74E9}.Debug|Win32.ActiveCfg = Debug|Win32
		{E260933B-02D3-47CA-8FDC-0D56072C74E9}.Debug|Win32.Build.0 = Debug|Win32
		{E260933B-02D3-47CA-8FDC-0D56072C74E9}.Release|Win32.ActiveCfg = Release|Win32
		{E260933B-02D3-47CA-8FDC-0D56072C74E9}.Release|Win32.Build.0 = Release|Win32
	EndGlobalSection
	GlobalSection(SolutionProperties) = preSolution
		HideSolutionNode = FALSE
	EndGlobalSection
EndGlobal
